
Microsoft Visual Studio Solution File, Format Version 12.00
# Visual Studio Version 16
VisualStudioVersion = 16.0.29728.190
MinimumVisualStudioVersion = 10.0.40219.1
Project("{9A19103F-16F7-4668-BE54-9A1E7A4F7556}") = "Microsoft.Extensions.Logging.TableStorage", "src\Microsoft.Extensions.Logging.TableStorage\Microsoft.Extensions.Logging.TableStorage.csproj", "{0ABA89CD-72C6-418F-9F5B-EBB8B8E50B87}"
EndProject
Project("{FAE04EC0-301F-11D3-BF4B-00C04F79EFBC}") = "Microsoft.Extensions.Logging.TableStorage.Tests", "test\Microsoft.Extensions.Logging.TableStorage.Tests\Microsoft.Extensions.Logging.TableStorage.Tests.csproj", "{BF63EFE7-65E7-4E99-A698-CA970026BC28}"
EndProject
Global
	GlobalSection(SolutionConfigurationPlatforms) = preSolution
		Debug|Any CPU = Debug|Any CPU
		Release|Any CPU = Release|Any CPU
	EndGlobalSection
	GlobalSection(ProjectConfigurationPlatforms) = postSolution
		{0ABA89CD-72C6-418F-9F5B-EBB8B8E50B87}.Debug|Any CPU.ActiveCfg = Debug|Any CPU
		{0ABA89CD-72C6-418F-9F5B-EBB8B8E50B87}.Debug|Any CPU.Build.0 = Debug|Any CPU
		{0ABA89CD-72C6-418F-9F5B-EBB8B8E50B87}.Release|Any CPU.ActiveCfg = Release|Any CPU
		{0ABA89CD-72C6-418F-9F5B-EBB8B8E50B87}.Release|Any CPU.Build.0 = Release|Any CPU
		{BF63EFE7-65E7-4E99-A698-CA970026BC28}.Debug|Any CPU.ActiveCfg = Debug|Any CPU
		{BF63EFE7-65E7-4E99-A698-CA970026BC28}.Debug|Any CPU.Build.0 = Debug|Any CPU
		{BF63EFE7-65E7-4E99-A698-CA970026BC28}.Release|Any CPU.ActiveCfg = Release|Any CPU
		{BF63EFE7-65E7-4E99-A698-CA970026BC28}.Release|Any CPU.Build.0 = Release|Any CPU
	EndGlobalSection
	GlobalSection(SolutionProperties) = preSolution
		HideSolutionNode = FALSE
	EndGlobalSection
	GlobalSection(ExtensibilityGlobals) = postSolution
		SolutionGuid = {39332A2A-3FF5-4C1D-A394-9026005E0F45}
	EndGlobalSection
EndGlobal
